{
  "version": 1,
  "dependencies": {
    "net10.0": {
      "CalqFramework.Cli": {
        "type": "Direct",
        "requested": "[1.0.2, )",
        "resolved": "1.0.2",
        "contentHash": "QjnqgbMtL05ia/9dZJrwJhXABShDEpj/1Z6u1CwqB0lUvfMNEKO5SEMxphtHCCVVYR4Pz+mv6EXeijx6aTJgIA==",
        "dependencies": {
          "CalqFramework.DataAccess": "1.0.2"
        }
      },
      "CalqFramework.Cmd": {
        "type": "Direct",
        "requested": "[1.0.3, )",
        "resolved": "1.0.3",
        "contentHash": "YMZvsdrvEfrBDnzPBlawMtn0p1clZk8Mzui4pA6ncCJiiVffxdjVurGiM1usVPaHOgkcXKtOwPy0b6r0fdz0Lw=="
      },
      "CalqFramework.Config": {
        "type": "Direct",
        "requested": "[1.0.1, )",
        "resolved": "1.0.1",
        "contentHash": "+p1fkq7jMG08dDj/XqSux1/Fkj12Y8Tq/uSplox5/UJ0ojF1INZuraRV0KbnriUpFq84poQKBRVksw+j71opLQ==",
        "dependencies": {
          "Newtonsoft.Json": "13.0.3"
        }
      },
      "CalqFramework.DataAccess": {
        "type": "Transitive",
        "resolved": "1.0.2",
        "contentHash": "fzjUlaBVyZi6H066B0zjSCbtTLBtRtEqG+lbnZrIKfUQKH0JPM1kLIajz1P/K4wDB/ywwVH4K34z61X1cECDlw=="
      },
      "Newtonsoft.Json": {
        "type": "Transitive",
        "resolved": "13.0.3",
        "contentHash": "HrC5BXdl00IP9zeV+0Z848QWPAoCr9P3bDEZguI+gkLcBKAOxix/tLEAAHC+UvDNPv4a2d18lOReHMOagPa+zQ=="
      }
    }
  }
}